# THIS IS AN AUTOGENERATED FILE. DO NOT EDIT THIS FILE DIRECTLY.
# yarn lockfile v1


cloudinary-core@^2.10.2:
  version "2.11.3"
  resolved "https://registry.yarnpkg.com/cloudinary-core/-/cloudinary-core-2.11.3.tgz#1440f61c6280485094aac87021b7e10f746dc69e"
  integrity sha512-ZRnpjSgvx+LbSf+aEz5NKzxDB4Z0436aY/0BSDa90kAHiwAyd84VyEi95I74SE80e15Ri9t5S2xtksTXpzk9Xw==

cloudinary@^1.23.0:
  version "1.23.0"
  resolved "https://registry.yarnpkg.com/cloudinary/-/cloudinary-1.23.0.tgz#27885567cf698e4ed5f5cc8d57974cb4b16db52b"
  integrity sha512-akOxzroonvwWkuSVq7BI50nYpZPRXc5DbQIYETCVeKX9ZoToH2Gvc3MdUH63UtKiszuGYE51q2B+jQsJkBp2AQ==
  dependencies:
    cloudinary-core "^2.10.2"
    core-js "3.6.5"
    lodash "^4.17.11"
    q "^1.5.1"

core-js@3.6.5:
  version "3.6.5"
  resolved "https://registry.yarnpkg.com/core-js/-/core-js-3.6.5.tgz#7395dc273af37fb2e50e9bd3d9fe841285231d1a"
  integrity sha512-vZVEEwZoIsI+vPEuoF9Iqf5H7/M3eeQqWlQnYa8FSKKePuYTf5MWnxb5SDAzCa60b3JBRS5g9b+Dq7b1y/RCrA==

lodash@^4.17.11:
  version "4.17.20"
  resolved "https://registry.yarnpkg.com/lodash/-/lodash-4.17.20.tgz#b44a9b6297bcb698f1c51a3545a2b3b368d59c52"
  integrity sha512-PlhdFcillOINfeV7Ni6oF1TAEayyZBoZ8bcshTHqOYJYlrqzRK5hagpagky5o4HfCzzd1TRkXPMFq6cKk9rGmA==

q@^1.5.1:
  version "1.5.1"
  resolved "https://registry.yarnpkg.com/q/-/q-1.5.1.tgz#7e32f75b41381291d04611f1bf14109ac00651d7"
  integrity sha1-fjL3W0E4EpHQRhHxvxQQmsAGUdc=
